
Microsoft Visual Studio Solution File, Format Version 12.00
# Visual Studio Version 17
VisualStudioVersion = 17.7.34031.279
MinimumVisualStudioVersion = 10.0.40219.1
Project("{FAE04EC0-301F-11D3-BF4B-00C04F79EFBC}") = "Charactor_counter", "Charactor_counter\Charactor_counter.csproj", "{6C80A771-B4B7-4A0B-A649-0DC24D0A9181}"
EndProject
Global
	GlobalSection(SolutionConfigurationPlatforms) = preSolution
		Debug|Any CPU = Debug|Any CPU
		Release|Any CPU = Release|Any CPU
	EndGlobalSection
	GlobalSection(ProjectConfigurationPlatforms) = postSolution
		{6C80A771-B4B7-4A0B-A649-0DC24D0A9181}.Debug|Any CPU.ActiveCfg = Debug|Any CPU
		{6C80A771-B4B7-4A0B-A649-0DC24D0A9181}.Debug|Any CPU.Build.0 = Debug|Any CPU
		{6C80A771-B4B7-4A0B-A649-0DC24D0A9181}.Release|Any CPU.ActiveCfg = Release|Any CPU
		{6C80A771-B4B7-4A0B-A649-0DC24D0A9181}.Release|Any CPU.Build.0 = Release|Any CPU
	EndGlobalSection
	GlobalSection(SolutionProperties) = preSolution
		HideSolutionNode = FALSE
	EndGlobalSection
	GlobalSection(ExtensibilityGlobals) = postSolution
		SolutionGuid = {4C91D5F0-0226-413A-B6E1-3BABABA19ED7}
	EndGlobalSection
EndGlobal
